
Microsoft Visual Studio Solution File, Format Version 12.00
# Visual Studio 15
VisualStudioVersion = 15.0.27004.2008
MinimumVisualStudioVersion = 10.0.40219.1
Project("{FAE04EC0-301F-11D3-BF4B-00C04F79EFBC}") = "BasicUnityGUIScript", "BasicUnityGUIScript\BasicUnityGUIScript.csproj", "{194304BE-EF6E-436A-B11B-6604FED69B08}"
EndProject
Global
	GlobalSection(SolutionConfigurationPlatforms) = preSolution
		Debug|Any CPU = Debug|Any CPU
		Release|Any CPU = Release|Any CPU
	EndGlobalSection
	GlobalSection(ProjectConfigurationPlatforms) = postSolution
		{194304BE-EF6E-436A-B11B-6604FED69B08}.Debug|Any CPU.ActiveCfg = Debug|Any CPU
		{194304BE-EF6E-436A-B11B-6604FED69B08}.Debug|Any CPU.Build.0 = Debug|Any CPU
		{194304BE-EF6E-436A-B11B-6604FED69B08}.Release|Any CPU.ActiveCfg = Release|Any CPU
		{194304BE-EF6E-436A-B11B-6604FED69B08}.Release|Any CPU.Build.0 = Release|Any CPU
	EndGlobalSection
	GlobalSection(SolutionProperties) = preSolution
		HideSolutionNode = FALSE
	EndGlobalSection
	GlobalSection(ExtensibilityGlobals) = postSolution
		SolutionGuid = {BF7EFB8D-5577-4BF4-A0D1-E08E01FFF376}
	EndGlobalSection
EndGlobal
